// !$*UTF8*$!
{
	archiveVersion = 1;
	classes = {
	};
	objectVersion = 56;
	objects = {

/* Begin PBXBuildFile section */
		26C8372419C4A5C882E0C1A0 /* Pods_My_API_Practice.framework in Frameworks */ = {isa = PBXBuildFile; fileRef = 567181B447B73B08AA2A9439 /* Pods_My_API_Practice.framework */; };
		E31B68B62A24B84E00D20D2B /* NewsTableCell.swift in Sources */ = {isa = PBXBuildFile; fileRef = E31B68B52A24B84E00D20D2B /* NewsTableCell.swift */; };
		E332C1E82A20753000E1BB03 /* KingFisherLibraryVC.swift in Sources */ = {isa = PBXBuildFile; fileRef = E332C1E72A20753000E1BB03 /* KingFisherLibraryVC.swift */; };
		E332C1EB2A20755E00E1BB03 /* DogsData.swift in Sources */ = {isa = PBXBuildFile; fileRef = E332C1EA2A20755E00E1BB03 /* DogsData.swift */; };
		E332C1ED2A20757200E1BB03 /* ImagesTableViewCell.swift in Sources */ = {isa = PBXBuildFile; fileRef = E332C1EC2A20757200E1BB03 /* ImagesTableViewCell.swift */; };
		E332C1EF2A2085D800E1BB03 /* LazyLoadingImageVC.swift in Sources */ = {isa = PBXBuildFile; fileRef = E332C1EE2A2085D800E1BB03 /* LazyLoadingImageVC.swift */; };
		E332C1F22A20861600E1BB03 /* LazyLoadingCollectionCell.swift in Sources */ = {isa = PBXBuildFile; fileRef = E332C1F12A20861600E1BB03 /* LazyLoadingCollectionCell.swift */; };
		E35095E52A1C87AC00ADF343 /* AppDelegate.swift in Sources */ = {isa = PBXBuildFile; fileRef = E35095E42A1C87AC00ADF343 /* AppDelegate.swift */; };
		E35095E72A1C87AC00ADF343 /* SceneDelegate.swift in Sources */ = {isa = PBXBuildFile; fileRef = E35095E62A1C87AC00ADF343 /* SceneDelegate.swift */; };
		E35095E92A1C87AC00ADF343 /* ViewController.swift in Sources */ = {isa = PBXBuildFile; fileRef = E35095E82A1C87AC00ADF343 /* ViewController.swift */; };
		E35095EC2A1C87AC00ADF343 /* Main.storyboard in Resources */ = {isa = PBXBuildFile; fileRef = E35095EA2A1C87AC00ADF343 /* Main.storyboard */; };
		E35095EE2A1C87AE00ADF343 /* Assets.xcassets in Resources */ = {isa = PBXBuildFile; fileRef = E35095ED2A1C87AE00ADF343 /* Assets.xcassets */; };
		E35095F12A1C87AE00ADF343 /* LaunchScreen.storyboard in Resources */ = {isa = PBXBuildFile; fileRef = E35095EF2A1C87AE00ADF343 /* LaunchScreen.storyboard */; };
		E35095FA2A1CB89E00ADF343 /* JsonCountry.json in Resources */ = {isa = PBXBuildFile; fileRef = E35095F82A1CB7AF00ADF343 /* JsonCountry.json */; };
		E3B7DAF52A274A4000DAE716 /* FetchDataVC.swift in Sources */ = {isa = PBXBuildFile; fileRef = E3B7DAF42A274A4000DAE716 /* FetchDataVC.swift */; };
		E3B7DAF82A274BF500DAE716 /* TableDataCell.swift in Sources */ = {isa = PBXBuildFile; fileRef = E3B7DAF62A274BF500DAE716 /* TableDataCell.swift */; };
		E3B7DAF92A274BF500DAE716 /* TableDataCell.xib in Resources */ = {isa = PBXBuildFile; fileRef = E3B7DAF72A274BF500DAE716 /* TableDataCell.xib */; };
		E3B7DAFB2A274C1500DAE716 /* FavoritesVC.swift in Sources */ = {isa = PBXBuildFile; fileRef = E3B7DAFA2A274C1500DAE716 /* FavoritesVC.swift */; };
		E3B7DAFD2A2756DF00DAE716 /* APIManager.swift in Sources */ = {isa = PBXBuildFile; fileRef = E3B7DAFC2A2756DF00DAE716 /* APIManager.swift */; };
		E3B7DAFF2A27729400DAE716 /* DetailNewsVC.swift in Sources */ = {isa = PBXBuildFile; fileRef = E3B7DAFE2A27729400DAE716 /* DetailNewsVC.swift */; };
		E3E0D5AF2A1F350A0057002A /* APIGetData.swift in Sources */ = {isa = PBXBuildFile; fileRef = E3E0D5AE2A1F350A0057002A /* APIGetData.swift */; };
		E3E0D5B12A1F35FD0057002A /* APIData.swift in Sources */ = {isa = PBXBuildFile; fileRef = E3E0D5B02A1F35FD0057002A /* APIData.swift */; };
		E3E0D5B32A1F36830057002A /* GetDataCell.swift in Sources */ = {isa = PBXBuildFile; fileRef = E3E0D5B22A1F36830057002A /* GetDataCell.swift */; };
		E3E0D5B62A1F42A90057002A /* Photos.swift in Sources */ = {isa = PBXBuildFile; fileRef = E3E0D5B52A1F42A90057002A /* Photos.swift */; };
		E3E0D5B82A1F43450057002A /* PhotosAPIManager.swift in Sources */ = {isa = PBXBuildFile; fileRef = E3E0D5B72A1F43450057002A /* PhotosAPIManager.swift */; };
		E3E0D5BD2A1F43C30057002A /* PhotosCell.swift in Sources */ = {isa = PBXBuildFile; fileRef = E3E0D5BB2A1F43C30057002A /* PhotosCell.swift */; };
		E3E0D5BE2A1F43C30057002A /* PhotosCell.xib in Resources */ = {isa = PBXBuildFile; fileRef = E3E0D5BC2A1F43C30057002A /* PhotosCell.xib */; };
		E3E0D5C12A1F54B20057002A /* Articles.swift in Sources */ = {isa = PBXBuildFile; fileRef = E3E0D5C02A1F54B20057002A /* Articles.swift */; };
		E3E0D5C32A1F55FE0057002A /* GetArticles.swift in Sources */ = {isa = PBXBuildFile; fileRef = E3E0D5C22A1F55FE0057002A /* GetArticles.swift */; };
		E3E0D5C82A1F576B0057002A /* ArticlesCell.swift in Sources */ = {isa = PBXBuildFile; fileRef = E3E0D5C62A1F576B0057002A /* ArticlesCell.swift */; };
		E3E0D5C92A1F576B0057002A /* ArticlesCell.xib in Resources */ = {isa = PBXBuildFile; fileRef = E3E0D5C72A1F576B0057002A /* ArticlesCell.xib */; };
		E3E0D5CD2A1F5ECA0057002A /* DetailArticles.swift in Sources */ = {isa = PBXBuildFile; fileRef = E3E0D5CC2A1F5ECA0057002A /* DetailArticles.swift */; };
		E3ED37542A1E2AD800D7F230 /* FetchDataViewController.swift in Sources */ = {isa = PBXBuildFile; fileRef = E3ED37532A1E2AD700D7F230 /* FetchDataViewController.swift */; };
		E3ED37562A1E2BA200D7F230 /* NewsTableViewCell.swift in Sources */ = {isa = PBXBuildFile; fileRef = E3ED37552A1E2BA200D7F230 /* NewsTableViewCell.swift */; };
		E3F3F36F2A25FA54004659FE /* POSTMethodVC.swift in Sources */ = {isa = PBXBuildFile; fileRef = E3F3F36E2A25FA54004659FE /* POSTMethodVC.swift */; };
		E3F3F3712A25FA95004659FE /* AddProduct.swift in Sources */ = {isa = PBXBuildFile; fileRef = E3F3F3702A25FA95004659FE /* AddProduct.swift */; };
		E3F3F3742A262D03004659FE /* UserModel.swift in Sources */ = {isa = PBXBuildFile; fileRef = E3F3F3732A262D03004659FE /* UserModel.swift */; };
		E3F3F3762A262F6C004659FE /* NestedJsonDataVC.swift in Sources */ = {isa = PBXBuildFile; fileRef = E3F3F3752A262F6C004659FE /* NestedJsonDataVC.swift */; };
		E3F531432A24B62700F65396 /* AlamofireVC.swift in Sources */ = {isa = PBXBuildFile; fileRef = E3F531422A24B62700F65396 /* AlamofireVC.swift */; };
/* End PBXBuildFile section */

/* Begin PBXFileReference section */
		2622F2429957408293F8882A /* Pods-My_API_Practice.release.xcconfig */ = {isa = PBXFileReference; includeInIndex = 1; lastKnownFileType = text.xcconfig; name = "Pods-My_API_Practice.release.xcconfig"; path = "Target Support Files/Pods-My_API_Practice/Pods-My_API_Practice.release.xcconfig"; sourceTree = "<group>"; };
		567181B447B73B08AA2A9439 /* Pods_My_API_Practice.framework */ = {isa = PBXFileReference; explicitFileType = wrapper.framework; includeInIndex = 0; path = Pods_My_API_Practice.framework; sourceTree = BUILT_PRODUCTS_DIR; };
		B00FBD81475CF027CC7B4416 /* Pods-My_API_Practice.debug.xcconfig */ = {isa = PBXFileReference; includeInIndex = 1; lastKnownFileType = text.xcconfig; name = "Pods-My_API_Practice.debug.xcconfig"; path = "Target Support Files/Pods-My_API_Practice/Pods-My_API_Practice.debug.xcconfig"; sourceTree = "<group>"; };
		E31B68B52A24B84E00D20D2B /* NewsTableCell.swift */ = {isa = PBXFileReference; lastKnownFileType = sourcecode.swift; name = NewsTableCell.swift; path = "/Users/macbookair_32/Desktop/Dharmesh/GIT API/My_API_Practice/Alamofire/NewsTableCell.swift"; sourceTree = "<absolute>"; };
		E332C1E72A20753000E1BB03 /* KingFisherLibraryVC.swift */ = {isa = PBXFileReference; lastKnownFileType = sourcecode.swift; name = KingFisherLibraryVC.swift; path = My_API_Practice/KingFisherLibrary/KingFisherLibraryVC.swift; sourceTree = SOURCE_ROOT; };
		E332C1EA2A20755E00E1BB03 /* DogsData.swift */ = {isa = PBXFileReference; lastKnownFileType = sourcecode.swift; path = DogsData.swift; sourceTree = "<group>"; };
		E332C1EC2A20757200E1BB03 /* ImagesTableViewCell.swift */ = {isa = PBXFileReference; lastKnownFileType = sourcecode.swift; path = ImagesTableViewCell.swift; sourceTree = "<group>"; };
		E332C1EE2A2085D800E1BB03 /* LazyLoadingImageVC.swift */ = {isa = PBXFileReference; lastKnownFileType = sourcecode.swift; path = LazyLoadingImageVC.swift; sourceTree = "<group>"; };
		E332C1F12A20861600E1BB03 /* LazyLoadingCollectionCell.swift */ = {isa = PBXFileReference; lastKnownFileType = sourcecode.swift; path = LazyLoadingCollectionCell.swift; sourceTree = "<group>"; };
		E35095E12A1C87AC00ADF343 /* My_API_Practice.app */ = {isa = PBXFileReference; explicitFileType = wrapper.application; includeInIndex = 0; path = My_API_Practice.app; sourceTree = BUILT_PRODUCTS_DIR; };
		E35095E42A1C87AC00ADF343 /* AppDelegate.swift */ = {isa = PBXFileReference; lastKnownFileType = sourcecode.swift; path = AppDelegate.swift; sourceTree = "<group>"; };
		E35095E62A1C87AC00ADF343 /* SceneDelegate.swift */ = {isa = PBXFileReference; lastKnownFileType = sourcecode.swift; path = SceneDelegate.swift; sourceTree = "<group>"; };
		E35095E82A1C87AC00ADF343 /* ViewController.swift */ = {isa = PBXFileReference; lastKnownFileType = sourcecode.swift; path = ViewController.swift; sourceTree = "<group>"; };
		E35095EB2A1C87AC00ADF343 /* Base */ = {isa = PBXFileReference; lastKnownFileType = file.storyboard; name = Base; path = Base.lproj/Main.storyboard; sourceTree = "<group>"; };
		E35095ED2A1C87AE00ADF343 /* Assets.xcassets */ = {isa = PBXFileReference; lastKnownFileType = folder.assetcatalog; path = Assets.xcassets; sourceTree = "<group>"; };
		E35095F02A1C87AE00ADF343 /* Base */ = {isa = PBXFileReference; lastKnownFileType = file.storyboard; name = Base; path = Base.lproj/LaunchScreen.storyboard; sourceTree = "<group>"; };
		E35095F22A1C87AE00ADF343 /* Info.plist */ = {isa = PBXFileReference; lastKnownFileType = text.plist.xml; path = Info.plist; sourceTree = "<group>"; };
		E35095F82A1CB7AF00ADF343 /* JsonCountry.json */ = {isa = PBXFileReference; lastKnownFileType = text.json; path = JsonCountry.json; sourceTree = "<group>"; };
		E3B7DAF42A274A4000DAE716 /* FetchDataVC.swift */ = {isa = PBXFileReference; lastKnownFileType = sourcecode.swift; path = FetchDataVC.swift; sourceTree = "<group>"; };
		E3B7DAF62A274BF500DAE716 /* TableDataCell.swift */ = {isa = PBXFileReference; lastKnownFileType = sourcecode.swift; path = TableDataCell.swift; sourceTree = "<group>"; };
		E3B7DAF72A274BF500DAE716 /* TableDataCell.xib */ = {isa = PBXFileReference; lastKnownFileType = file.xib; path = TableDataCell.xib; sourceTree = "<group>"; };
		E3B7DAFA2A274C1500DAE716 /* FavoritesVC.swift */ = {isa = PBXFileReference; lastKnownFileType = sourcecode.swift; path = FavoritesVC.swift; sourceTree = "<group>"; };
		E3B7DAFC2A2756DF00DAE716 /* APIManager.swift */ = {isa = PBXFileReference; lastKnownFileType = sourcecode.swift; path = APIManager.swift; sourceTree = "<group>"; };
		E3B7DAFE2A27729400DAE716 /* DetailNewsVC.swift */ = {isa = PBXFileReference; lastKnownFileType = sourcecode.swift; name = DetailNewsVC.swift; path = My_API_Practice/Alamofire/DetailNewsVC.swift; sourceTree = SOURCE_ROOT; };
		E3E0D5AE2A1F350A0057002A /* APIGetData.swift */ = {isa = PBXFileReference; lastKnownFileType = sourcecode.swift; path = APIGetData.swift; sourceTree = "<group>"; };
		E3E0D5B02A1F35FD0057002A /* APIData.swift */ = {isa = PBXFileReference; lastKnownFileType = sourcecode.swift; path = APIData.swift; sourceTree = "<group>"; };
		E3E0D5B22A1F36830057002A /* GetDataCell.swift */ = {isa = PBXFileReference; lastKnownFileType = sourcecode.swift; path = GetDataCell.swift; sourceTree = "<group>"; };
		E3E0D5B52A1F42A90057002A /* Photos.swift */ = {isa = PBXFileReference; lastKnownFileType = sourcecode.swift; path = Photos.swift; sourceTree = "<group>"; };
		E3E0D5B72A1F43450057002A /* PhotosAPIManager.swift */ = {isa = PBXFileReference; lastKnownFileType = sourcecode.swift; path = PhotosAPIManager.swift; sourceTree = "<group>"; };
		E3E0D5BB2A1F43C30057002A /* PhotosCell.swift */ = {isa = PBXFileReference; lastKnownFileType = sourcecode.swift; path = PhotosCell.swift; sourceTree = "<group>"; };
		E3E0D5BC2A1F43C30057002A /* PhotosCell.xib */ = {isa = PBXFileReference; lastKnownFileType = file.xib; path = PhotosCell.xib; sourceTree = "<group>"; };
		E3E0D5C02A1F54B20057002A /* Articles.swift */ = {isa = PBXFileReference; lastKnownFileType = sourcecode.swift; path = Articles.swift; sourceTree = "<group>"; };
		E3E0D5C22A1F55FE0057002A /* GetArticles.swift */ = {isa = PBXFileReference; lastKnownFileType = sourcecode.swift; path = GetArticles.swift; sourceTree = "<group>"; };
		E3E0D5C62A1F576B0057002A /* ArticlesCell.swift */ = {isa = PBXFileReference; lastKnownFileType = sourcecode.swift; path = ArticlesCell.swift; sourceTree = "<group>"; };
		E3E0D5C72A1F576B0057002A /* ArticlesCell.xib */ = {isa = PBXFileReference; lastKnownFileType = file.xib; path = ArticlesCell.xib; sourceTree = "<group>"; };
		E3E0D5CC2A1F5ECA0057002A /* DetailArticles.swift */ = {isa = PBXFileReference; lastKnownFileType = sourcecode.swift; path = DetailArticles.swift; sourceTree = "<group>"; };
		E3ED37532A1E2AD700D7F230 /* FetchDataViewController.swift */ = {isa = PBXFileReference; lastKnownFileType = sourcecode.swift; path = FetchDataViewController.swift; sourceTree = "<group>"; };
		E3ED37552A1E2BA200D7F230 /* NewsTableViewCell.swift */ = {isa = PBXFileReference; lastKnownFileType = sourcecode.swift; path = NewsTableViewCell.swift; sourceTree = "<group>"; };
		E3F3F36E2A25FA54004659FE /* POSTMethodVC.swift */ = {isa = PBXFileReference; lastKnownFileType = sourcecode.swift; path = POSTMethodVC.swift; sourceTree = "<group>"; };
		E3F3F3702A25FA95004659FE /* AddProduct.swift */ = {isa = PBXFileReference; lastKnownFileType = sourcecode.swift; path = AddProduct.swift; sourceTree = "<group>"; };
		E3F3F3732A262D03004659FE /* UserModel.swift */ = {isa = PBXFileReference; lastKnownFileType = sourcecode.swift; path = UserModel.swift; sourceTree = "<group>"; };
		E3F3F3752A262F6C004659FE /* NestedJsonDataVC.swift */ = {isa = PBXFileReference; lastKnownFileType = sourcecode.swift; path = NestedJsonDataVC.swift; sourceTree = "<group>"; };
		E3F531422A24B62700F65396 /* AlamofireVC.swift */ = {isa = PBXFileReference; lastKnownFileType = sourcecode.swift; path = AlamofireVC.swift; sourceTree = "<group>"; };
/* End PBXFileReference section */

/* Begin PBXFrameworksBuildPhase section */
		E35095DE2A1C87AC00ADF343 /* Frameworks */ = {
			isa = PBXFrameworksBuildPhase;
			buildActionMask = 2147483647;
			files = (
				26C8372419C4A5C882E0C1A0 /* Pods_My_API_Practice.framework in Frameworks */,
			);
			runOnlyForDeploymentPostprocessing = 0;
		};
/* End PBXFrameworksBuildPhase section */

/* Begin PBXGroup section */
		1AB55F7E22BD24CF6F7A2A86 /* Pods */ = {
			isa = PBXGroup;
			children = (
				B00FBD81475CF027CC7B4416 /* Pods-My_API_Practice.debug.xcconfig */,
				2622F2429957408293F8882A /* Pods-My_API_Practice.release.xcconfig */,
			);
			path = Pods;
			sourceTree = "<group>";
		};
		C434DAE7D0BD57043E42DBA6 /* Frameworks */ = {
			isa = PBXGroup;
			children = (
				567181B447B73B08AA2A9439 /* Pods_My_API_Practice.framework */,
			);
			name = Frameworks;
			sourceTree = "<group>";
		};
		E332C1E92A20753900E1BB03 /* KingFisherLibrary */ = {
			isa = PBXGroup;
			children = (
				E332C1E72A20753000E1BB03 /* KingFisherLibraryVC.swift */,
				E332C1EC2A20757200E1BB03 /* ImagesTableViewCell.swift */,
			);
			path = KingFisherLibrary;
			sourceTree = "<group>";
		};
		E332C1F02A2085E300E1BB03 /* LazyLoading Images */ = {
			isa = PBXGroup;
			children = (
				E332C1EE2A2085D800E1BB03 /* LazyLoadingImageVC.swift */,
				E332C1F12A20861600E1BB03 /* LazyLoadingCollectionCell.swift */,
			);
			path = "LazyLoading Images";
			sourceTree = "<group>";
		};
		E35095D82A1C87AC00ADF343 = {
			isa = PBXGroup;
			children = (
				E35095E32A1C87AC00ADF343 /* My_API_Practice */,
				E35095E22A1C87AC00ADF343 /* Products */,
				1AB55F7E22BD24CF6F7A2A86 /* Pods */,
				C434DAE7D0BD57043E42DBA6 /* Frameworks */,
			);
			sourceTree = "<group>";
		};
		E35095E22A1C87AC00ADF343 /* Products */ = {
			isa = PBXGroup;
			children = (
				E35095E12A1C87AC00ADF343 /* My_API_Practice.app */,
			);
			name = Products;
			sourceTree = "<group>";
		};
		E35095E32A1C87AC00ADF343 /* My_API_Practice */ = {
			isa = PBXGroup;
			children = (
				E3B7DAF32A274A1900DAE716 /* API With DataBase */,
				E3F3F3722A262CA7004659FE /* Reference resources */,
				E3F3F36D2A25FA32004659FE /* POST, PUT, DELETE Mathod */,
				E3F3F36C2A25F0DB004659FE /* Model */,
				E3F531412A24B60300F65396 /* Alamofire */,
				E332C1F02A2085E300E1BB03 /* LazyLoading Images */,
				E332C1E92A20753900E1BB03 /* KingFisherLibrary */,
				E3E0D5BF2A1F548E0057002A /* GetArticlesAPI */,
				E3E0D5B42A1F42610057002A /* GetPhotoAPI */,
				E3E0D5AD2A1F33B30057002A /* Resources */,
				E3E0D5AC2A1F33A00057002A /* View */,
				E3E0D5A82A1F330E0057002A /* Application */,
				E3E0D5AB2A1F337D0057002A /* DemoFIles */,
				E3E0D5AA2A1F33650057002A /* GetTodoData */,
				E35095F82A1CB7AF00ADF343 /* JsonCountry.json */,
				E35095F22A1C87AE00ADF343 /* Info.plist */,
			);
			path = My_API_Practice;
			sourceTree = "<group>";
		};
		E3B7DAF32A274A1900DAE716 /* API With DataBase */ = {
			isa = PBXGroup;
			children = (
				E3B7DAF42A274A4000DAE716 /* FetchDataVC.swift */,
				E3B7DAF62A274BF500DAE716 /* TableDataCell.swift */,
				E3B7DAF72A274BF500DAE716 /* TableDataCell.xib */,
				E3B7DAFA2A274C1500DAE716 /* FavoritesVC.swift */,
				E3B7DAFC2A2756DF00DAE716 /* APIManager.swift */,
			);
			path = "API With DataBase";
			sourceTree = "<group>";
		};
		E3E0D5A82A1F330E0057002A /* Application */ = {
			isa = PBXGroup;
			children = (
				E35095E42A1C87AC00ADF343 /* AppDelegate.swift */,
				E35095E62A1C87AC00ADF343 /* SceneDelegate.swift */,
			);
			path = Application;
			sourceTree = "<group>";
		};
		E3E0D5AA2A1F33650057002A /* GetTodoData */ = {
			isa = PBXGroup;
			children = (
				E3E0D5AE2A1F350A0057002A /* APIGetData.swift */,
				E3E0D5B22A1F36830057002A /* GetDataCell.swift */,
				E3E0D5B02A1F35FD0057002A /* APIData.swift */,
			);
			path = GetTodoData;
			sourceTree = "<group>";
		};
		E3E0D5AB2A1F337D0057002A /* DemoFIles */ = {
			isa = PBXGroup;
			children = (
				E35095E82A1C87AC00ADF343 /* ViewController.swift */,
				E3ED37552A1E2BA200D7F230 /* NewsTableViewCell.swift */,
				E3ED37532A1E2AD700D7F230 /* FetchDataViewController.swift */,
			);
			path = DemoFIles;
			sourceTree = "<group>";
		};
		E3E0D5AC2A1F33A00057002A /* View */ = {
			isa = PBXGroup;
			children = (
				E35095EA2A1C87AC00ADF343 /* Main.storyboard */,
				E35095EF2A1C87AE00ADF343 /* LaunchScreen.storyboard */,
			);
			path = View;
			sourceTree = "<group>";
		};
		E3E0D5AD2A1F33B30057002A /* Resources */ = {
			isa = PBXGroup;
			children = (
				E35095ED2A1C87AE00ADF343 /* Assets.xcassets */,
			);
			path = Resources;
			sourceTree = "<group>";
		};
		E3E0D5B42A1F42610057002A /* GetPhotoAPI */ = {
			isa = PBXGroup;
			children = (
				E3E0D5B72A1F43450057002A /* PhotosAPIManager.swift */,
				E3E0D5BB2A1F43C30057002A /* PhotosCell.swift */,
				E3E0D5BC2A1F43C30057002A /* PhotosCell.xib */,
			);
			path = GetPhotoAPI;
			sourceTree = "<group>";
		};
		E3E0D5BF2A1F548E0057002A /* GetArticlesAPI */ = {
			isa = PBXGroup;
			children = (
				E3E0D5CC2A1F5ECA0057002A /* DetailArticles.swift */,
				E3E0D5C22A1F55FE0057002A /* GetArticles.swift */,
				E3E0D5C62A1F576B0057002A /* ArticlesCell.swift */,
				E3E0D5C72A1F576B0057002A /* ArticlesCell.xib */,
			);
			path = GetArticlesAPI;
			sourceTree = "<group>";
		};
		E3F3F36C2A25F0DB004659FE /* Model */ = {
			isa = PBXGroup;
			children = (
				E3E0D5C02A1F54B20057002A /* Articles.swift */,
				E3E0D5B52A1F42A90057002A /* Photos.swift */,
				E332C1EA2A20755E00E1BB03 /* DogsData.swift */,
				E3F3F3702A25FA95004659FE /* AddProduct.swift */,
			);
			path = Model;
			sourceTree = "<group>";
		};
		E3F3F36D2A25FA32004659FE /* POST, PUT, DELETE Mathod */ = {
			isa = PBXGroup;
			children = (
				E3F3F36E2A25FA54004659FE /* POSTMethodVC.swift */,
			);
			path = "POST, PUT, DELETE Mathod";
			sourceTree = "<group>";
		};
		E3F3F3722A262CA7004659FE /* Reference resources */ = {
			isa = PBXGroup;
			children = (
				E3F3F3732A262D03004659FE /* UserModel.swift */,
				E3F3F3752A262F6C004659FE /* NestedJsonDataVC.swift */,
			);
			path = "Reference resources";
			sourceTree = "<group>";
		};
		E3F531412A24B60300F65396 /* Alamofire */ = {
			isa = PBXGroup;
			children = (
				E31B68B52A24B84E00D20D2B /* NewsTableCell.swift */,
				E3B7DAFE2A27729400DAE716 /* DetailNewsVC.swift */,
				E3F531422A24B62700F65396 /* AlamofireVC.swift */,
			);
			path = Alamofire;
			sourceTree = "<group>";
		};
/* End PBXGroup section */

/* Begin PBXNativeTarget section */
		E35095E02A1C87AC00ADF343 /* My_API_Practice */ = {
			isa = PBXNativeTarget;
			buildConfigurationList = E35095F52A1C87AE00ADF343 /* Build configuration list for PBXNativeTarget "My_API_Practice" */;
			buildPhases = (
				F35398ACCA9FA0993E86B6FF /* [CP] Check Pods Manifest.lock */,
				E35095DD2A1C87AC00ADF343 /* Sources */,
				E35095DE2A1C87AC00ADF343 /* Frameworks */,
				E35095DF2A1C87AC00ADF343 /* Resources */,
				945CA5CA8B4130741EDEC4F2 /* [CP] Embed Pods Frameworks */,
			);
			buildRules = (
			);
			dependencies = (
			);
			name = My_API_Practice;
			productName = My_API_Practice;
			productReference = E35095E12A1C87AC00ADF343 /* My_API_Practice.app */;
			productType = "com.apple.product-type.application";
		};
/* End PBXNativeTarget section */

/* Begin PBXProject section */
		E35095D92A1C87AC00ADF343 /* Project object */ = {
			isa = PBXProject;
			attributes = {
				BuildIndependentTargetsInParallel = 1;
				LastSwiftUpdateCheck = 1430;
				LastUpgradeCheck = 1430;
				TargetAttributes = {
					E35095E02A1C87AC00ADF343 = {
						CreatedOnToolsVersion = 14.3;
					};
				};
			};
			buildConfigurationList = E35095DC2A1C87AC00ADF343 /* Build configuration list for PBXProject "My_API_Practice" */;
			compatibilityVersion = "Xcode 14.0";
			developmentRegion = en;
			hasScannedForEncodings = 0;
			knownRegions = (
				en,
				Base,
			);
			mainGroup = E35095D82A1C87AC00ADF343;
			productRefGroup = E35095E22A1C87AC00ADF343 /* Products */;
			projectDirPath = "";
			projectRoot = "";
			targets = (
				E35095E02A1C87AC00ADF343 /* My_API_Practice */,
			);
		};
/* End PBXProject section */

/* Begin PBXResourcesBuildPhase section */
		E35095DF2A1C87AC00ADF343 /* Resources */ = {
			isa = PBXResourcesBuildPhase;
			buildActionMask = 2147483647;
			files = (
				E35095F12A1C87AE00ADF343 /* LaunchScreen.storyboard in Resources */,
				E3E0D5C92A1F576B0057002A /* ArticlesCell.xib in Resources */,
				E35095EE2A1C87AE00ADF343 /* Assets.xcassets in Resources */,
				E35095FA2A1CB89E00ADF343 /* JsonCountry.json in Resources */,
				E3E0D5BE2A1F43C30057002A /* PhotosCell.xib in Resources */,
				E35095EC2A1C87AC00ADF343 /* Main.storyboard in Resources */,
				E3B7DAF92A274BF500DAE716 /* TableDataCell.xib in Resources */,
			);
			runOnlyForDeploymentPostprocessing = 0;
		};
/* End PBXResourcesBuildPhase section */

/* Begin PBXShellScriptBuildPhase section */
		945CA5CA8B4130741EDEC4F2 /* [CP] Embed Pods Frameworks */ = {
			isa = PBXShellScriptBuildPhase;
			buildActionMask = 2147483647;
			files = (
			);
			inputFileListPaths = (
				"${PODS_ROOT}/Target Support Files/Pods-My_API_Practice/Pods-My_API_Practice-frameworks-${CONFIGURATION}-input-files.xcfilelist",
			);
			name = "[CP] Embed Pods Frameworks";
			outputFileListPaths = (
				"${PODS_ROOT}/Target Support Files/Pods-My_API_Practice/Pods-My_API_Practice-frameworks-${CONFIGURATION}-output-files.xcfilelist",
			);
			runOnlyForDeploymentPostprocessing = 0;
			shellPath = /bin/sh;
			shellScript = "\"${PODS_ROOT}/Target Support Files/Pods-My_API_Practice/Pods-My_API_Practice-frameworks.sh\"\n";
			showEnvVarsInLog = 0;
		};
		F35398ACCA9FA0993E86B6FF /* [CP] Check Pods Manifest.lock */ = {
			isa = PBXShellScriptBuildPhase;
			buildActionMask = 2147483647;
			files = (
			);
			inputFileListPaths = (
			);
			inputPaths = (
				"${PODS_PODFILE_DIR_PATH}/Podfile.lock",
				"${PODS_ROOT}/Manifest.lock",
			);
			name = "[CP] Check Pods Manifest.lock";
			outputFileListPaths = (
			);
			outputPaths = (
				"$(DERIVED_FILE_DIR)/Pods-My_API_Practice-checkManifestLockResult.txt",
			);
			runOnlyForDeploymentPostprocessing = 0;
			shellPath = /bin/sh;
			shellScript = "diff \"${PODS_PODFILE_DIR_PATH}/Podfile.lock\" \"${PODS_ROOT}/Manifest.lock\" > /dev/null\nif [ $? != 0 ] ; then\n    # print error to STDERR\n    echo \"error: The sandbox is not in sync with the Podfile.lock. Run 'pod install' or update your CocoaPods installation.\" >&2\n    exit 1\nfi\n# This output is used by Xcode 'outputs' to avoid re-running this script phase.\necho \"SUCCESS\" > \"${SCRIPT_OUTPUT_FILE_0}\"\n";
			showEnvVarsInLog = 0;
		};
/* End PBXShellScriptBuildPhase section */

/* Begin PBXSourcesBuildPhase section */
		E35095DD2A1C87AC00ADF343 /* Sources */ = {
			isa = PBXSourcesBuildPhase;
			buildActionMask = 2147483647;
			files = (
				E332C1F22A20861600E1BB03 /* LazyLoadingCollectionCell.swift in Sources */,
				E3E0D5B62A1F42A90057002A /* Photos.swift in Sources */,
				E35095E92A1C87AC00ADF343 /* ViewController.swift in Sources */,
				E3F531432A24B62700F65396 /* AlamofireVC.swift in Sources */,
				E3F3F36F2A25FA54004659FE /* POSTMethodVC.swift in Sources */,
				E3F3F3712A25FA95004659FE /* AddProduct.swift in Sources */,
				E3B7DAF52A274A4000DAE716 /* FetchDataVC.swift in Sources */,
				E3E0D5B12A1F35FD0057002A /* APIData.swift in Sources */,
				E31B68B62A24B84E00D20D2B /* NewsTableCell.swift in Sources */,
				E3F3F3742A262D03004659FE /* UserModel.swift in Sources */,
				E332C1ED2A20757200E1BB03 /* ImagesTableViewCell.swift in Sources */,
				E332C1EB2A20755E00E1BB03 /* DogsData.swift in Sources */,
				E3B7DAFD2A2756DF00DAE716 /* APIManager.swift in Sources */,
				E3B7DAF82A274BF500DAE716 /* TableDataCell.swift in Sources */,
				E3E0D5CD2A1F5ECA0057002A /* DetailArticles.swift in Sources */,
				E35095E52A1C87AC00ADF343 /* AppDelegate.swift in Sources */,
				E3ED37562A1E2BA200D7F230 /* NewsTableViewCell.swift in Sources */,
				E35095E72A1C87AC00ADF343 /* SceneDelegate.swift in Sources */,
				E3F3F3762A262F6C004659FE /* NestedJsonDataVC.swift in Sources */,
				E3E0D5C12A1F54B20057002A /* Articles.swift in Sources */,
				E3E0D5BD2A1F43C30057002A /* PhotosCell.swift in Sources */,
				E3E0D5C32A1F55FE0057002A /* GetArticles.swift in Sources */,
				E3ED37542A1E2AD800D7F230 /* FetchDataViewController.swift in Sources */,
				E3B7DAFF2A27729400DAE716 /* DetailNewsVC.swift in Sources */,
				E3B7DAFB2A274C1500DAE716 /* FavoritesVC.swift in Sources */,
				E3E0D5B82A1F43450057002A /* PhotosAPIManager.swift in Sources */,
				E332C1E82A20753000E1BB03 /* KingFisherLibraryVC.swift in Sources */,
				E3E0D5C82A1F576B0057002A /* ArticlesCell.swift in Sources */,
				E3E0D5B32A1F36830057002A /* GetDataCell.swift in Sources */,
				E3E0D5AF2A1F350A0057002A /* APIGetData.swift in Sources */,
				E332C1EF2A2085D800E1BB03 /* LazyLoadingImageVC.swift in Sources */,
			);
			runOnlyForDeploymentPostprocessing = 0;
		};
/* End PBXSourcesBuildPhase section */

/* Begin PBXVariantGroup section */
		E35095EA2A1C87AC00ADF343 /* Main.storyboard */ = {
			isa = PBXVariantGroup;
			children = (
				E35095EB2A1C87AC00ADF343 /* Base */,
			);
			name = Main.storyboard;
			sourceTree = "<group>";
		};
		E35095EF2A1C87AE00ADF343 /* LaunchScreen.storyboard */ = {
			isa = PBXVariantGroup;
			children = (
				E35095F02A1C87AE00ADF343 /* Base */,
			);
			name = LaunchScreen.storyboard;
			sourceTree = "<group>";
		};
/* End PBXVariantGroup section */

/* Begin XCBuildConfiguration section */
		E35095F32A1C87AE00ADF343 /* Debug */ = {
			isa = XCBuildConfiguration;
			buildSettings = {
				ALWAYS_SEARCH_USER_PATHS = NO;
				CLANG_ANALYZER_NONNULL = YES;
				CLANG_ANALYZER_NUMBER_OBJECT_CONVERSION = YES_AGGRESSIVE;
				CLANG_CXX_LANGUAGE_STANDARD = "gnu++20";
				CLANG_ENABLE_MODULES = YES;
				CLANG_ENABLE_OBJC_ARC = YES;
				CLANG_ENABLE_OBJC_WEAK = YES;
				CLANG_WARN_BLOCK_CAPTURE_AUTORELEASING = YES;
				CLANG_WARN_BOOL_CONVERSION = YES;
				CLANG_WARN_COMMA = YES;
				CLANG_WARN_CONSTANT_CONVERSION = YES;
				CLANG_WARN_DEPRECATED_OBJC_IMPLEMENTATIONS = YES;
				CLANG_WARN_DIRECT_OBJC_ISA_USAGE = YES_ERROR;
				CLANG_WARN_DOCUMENTATION_COMMENTS = YES;
				CLANG_WARN_EMPTY_BODY = YES;
				CLANG_WARN_ENUM_CONVERSION = YES;
				CLANG_WARN_INFINITE_RECURSION = YES;
				CLANG_WARN_INT_CONVERSION = YES;
				CLANG_WARN_NON_LITERAL_NULL_CONVERSION = YES;
				CLANG_WARN_OBJC_IMPLICIT_RETAIN_SELF = YES;
				CLANG_WARN_OBJC_LITERAL_CONVERSION = YES;
				CLANG_WARN_OBJC_ROOT_CLASS = YES_ERROR;
				CLANG_WARN_QUOTED_INCLUDE_IN_FRAMEWORK_HEADER = YES;
				CLANG_WARN_RANGE_LOOP_ANALYSIS = YES;
				CLANG_WARN_STRICT_PROTOTYPES = YES;
				CLANG_WARN_SUSPICIOUS_MOVE = YES;
				CLANG_WARN_UNGUARDED_AVAILABILITY = YES_AGGRESSIVE;
				CLANG_WARN_UNREACHABLE_CODE = YES;
				CLANG_WARN__DUPLICATE_METHOD_MATCH = YES;
				COPY_PHASE_STRIP = NO;
				DEBUG_INFORMATION_FORMAT = dwarf;
				ENABLE_STRICT_OBJC_MSGSEND = YES;
				ENABLE_TESTABILITY = YES;
				GCC_C_LANGUAGE_STANDARD = gnu11;
				GCC_DYNAMIC_NO_PIC = NO;
				GCC_NO_COMMON_BLOCKS = YES;
				GCC_OPTIMIZATION_LEVEL = 0;
				GCC_PREPROCESSOR_DEFINITIONS = (
					"DEBUG=1",
					"$(inherited)",
				);
				GCC_WARN_64_TO_32_BIT_CONVERSION = YES;
				GCC_WARN_ABOUT_RETURN_TYPE = YES_ERROR;
				GCC_WARN_UNDECLARED_SELECTOR = YES;
				GCC_WARN_UNINITIALIZED_AUTOS = YES_AGGRESSIVE;
				GCC_WARN_UNUSED_FUNCTION = YES;
				GCC_WARN_UNUSED_VARIABLE = YES;
				IPHONEOS_DEPLOYMENT_TARGET = 16.4;
				MTL_ENABLE_DEBUG_INFO = INCLUDE_SOURCE;
				MTL_FAST_MATH = YES;
				ONLY_ACTIVE_ARCH = YES;
				SDKROOT = iphoneos;
				SWIFT_ACTIVE_COMPILATION_CONDITIONS = DEBUG;
				SWIFT_OPTIMIZATION_LEVEL = "-Onone";
			};
			name = Debug;
		};
		E35095F42A1C87AE00ADF343 /* Release */ = {
			isa = XCBuildConfiguration;
			buildSettings = {
				ALWAYS_SEARCH_USER_PATHS = NO;
				CLANG_ANALYZER_NONNULL = YES;
				CLANG_ANALYZER_NUMBER_OBJECT_CONVERSION = YES_AGGRESSIVE;
				CLANG_CXX_LANGUAGE_STANDARD = "gnu++20";
				CLANG_ENABLE_MODULES = YES;
				CLANG_ENABLE_OBJC_ARC = YES;
				CLANG_ENABLE_OBJC_WEAK = YES;
				CLANG_WARN_BLOCK_CAPTURE_AUTORELEASING = YES;
				CLANG_WARN_BOOL_CONVERSION = YES;
				CLANG_WARN_COMMA = YES;
				CLANG_WARN_CONSTANT_CONVERSION = YES;
				CLANG_WARN_DEPRECATED_OBJC_IMPLEMENTATIONS = YES;
				CLANG_WARN_DIRECT_OBJC_ISA_USAGE = YES_ERROR;
				CLANG_WARN_DOCUMENTATION_COMMENTS = YES;
				CLANG_WARN_EMPTY_BODY = YES;
				CLANG_WARN_ENUM_CONVERSION = YES;
				CLANG_WARN_INFINITE_RECURSION = YES;
				CLANG_WARN_INT_CONVERSION = YES;
				CLANG_WARN_NON_LITERAL_NULL_CONVERSION = YES;
				CLANG_WARN_OBJC_IMPLICIT_RETAIN_SELF = YES;
				CLANG_WARN_OBJC_LITERAL_CONVERSION = YES;
				CLANG_WARN_OBJC_ROOT_CLASS = YES_ERROR;
				CLANG_WARN_QUOTED_INCLUDE_IN_FRAMEWORK_HEADER = YES;
				CLANG_WARN_RANGE_LOOP_ANALYSIS = YES;
				CLANG_WARN_STRICT_PROTOTYPES = YES;
				CLANG_WARN_SUSPICIOUS_MOVE = YES;
				CLANG_WARN_UNGUARDED_AVAILABILITY = YES_AGGRESSIVE;
				CLANG_WARN_UNREACHABLE_CODE = YES;
				CLANG_WARN__DUPLICATE_METHOD_MATCH = YES;
				COPY_PHASE_STRIP = NO;
				DEBUG_INFORMATION_FORMAT = "dwarf-with-dsym";
				ENABLE_NS_ASSERTIONS = NO;
				ENABLE_STRICT_OBJC_MSGSEND = YES;
				GCC_C_LANGUAGE_STANDARD = gnu11;
				GCC_NO_COMMON_BLOCKS = YES;
				GCC_WARN_64_TO_32_BIT_CONVERSION = YES;
				GCC_WARN_ABOUT_RETURN_TYPE = YES_ERROR;
				GCC_WARN_UNDECLARED_SELECTOR = YES;
				GCC_WARN_UNINITIALIZED_AUTOS = YES_AGGRESSIVE;
				GCC_WARN_UNUSED_FUNCTION = YES;
				GCC_WARN_UNUSED_VARIABLE = YES;
				IPHONEOS_DEPLOYMENT_TARGET = 16.4;
				MTL_ENABLE_DEBUG_INFO = NO;
				MTL_FAST_MATH = YES;
				SDKROOT = iphoneos;
				SWIFT_COMPILATION_MODE = wholemodule;
				SWIFT_OPTIMIZATION_LEVEL = "-O";
				VALIDATE_PRODUCT = YES;
			};
			name = Release;
		};
		E35095F62A1C87AE00ADF343 /* Debug */ = {
			isa = XCBuildConfiguration;
			baseConfigurationReference = B00FBD81475CF027CC7B4416 /* Pods-My_API_Practice.debug.xcconfig */;
			buildSettings = {
				ASSETCATALOG_COMPILER_APPICON_NAME = AppIcon;
				ASSETCATALOG_COMPILER_GLOBAL_ACCENT_COLOR_NAME = AccentColor;
				CODE_SIGN_STYLE = Automatic;
				CURRENT_PROJECT_VERSION = 1;
				GENERATE_INFOPLIST_FILE = YES;
				INFOPLIST_FILE = My_API_Practice/Info.plist;
				INFOPLIST_KEY_UIApplicationSupportsIndirectInputEvents = YES;
				INFOPLIST_KEY_UILaunchStoryboardName = LaunchScreen;
				INFOPLIST_KEY_UIMainStoryboardFile = Main;
				INFOPLIST_KEY_UISupportedInterfaceOrientations_iPad = "UIInterfaceOrientationPortrait UIInterfaceOrientationPortraitUpsideDown UIInterfaceOrientationLandscapeLeft UIInterfaceOrientationLandscapeRight";
				INFOPLIST_KEY_UISupportedInterfaceOrientations_iPhone = "UIInterfaceOrientationPortrait UIInterfaceOrientationLandscapeLeft UIInterfaceOrientationLandscapeRight";
				IPHONEOS_DEPLOYMENT_TARGET = 16.4;
				LD_RUNPATH_SEARCH_PATHS = (
					"$(inherited)",
					"@executable_path/Frameworks",
				);
				MARKETING_VERSION = 1.0;
				PRODUCT_BUNDLE_IDENTIFIER = "com.My-API-Practice";
				PRODUCT_NAME = "$(TARGET_NAME)";
				SWIFT_EMIT_LOC_STRINGS = YES;
				SWIFT_VERSION = 5.0;
				TARGETED_DEVICE_FAMILY = "1,2";
			};
			name = Debug;
		};
		E35095F72A1C87AE00ADF343 /* Release */ = {
			isa = XCBuildConfiguration;
			baseConfigurationReference = 2622F2429957408293F8882A /* Pods-My_API_Practice.release.xcconfig */;
			buildSettings = {
				ASSETCATALOG_COMPILER_APPICON_NAME = AppIcon;
				ASSETCATALOG_COMPILER_GLOBAL_ACCENT_COLOR_NAME = AccentColor;
				CODE_SIGN_STYLE = Automatic;
				CURRENT_PROJECT_VERSION = 1;
				GENERATE_INFOPLIST_FILE = YES;
				INFOPLIST_FILE = My_API_Practice/Info.plist;
				INFOPLIST_KEY_UIApplicationSupportsIndirectInputEvents = YES;
				INFOPLIST_KEY_UILaunchStoryboardName = LaunchScreen;
				INFOPLIST_KEY_UIMainStoryboardFile = Main;
				INFOPLIST_KEY_UISupportedInterfaceOrientations_iPad = "UIInterfaceOrientationPortrait UIInterfaceOrientationPortraitUpsideDown UIInterfaceOrientationLandscapeLeft UIInterfaceOrientationLandscapeRight";
				INFOPLIST_KEY_UISupportedInterfaceOrientations_iPhone = "UIInterfaceOrientationPortrait UIInterfaceOrientationLandscapeLeft UIInterfaceOrientationLandscapeRight";
				IPHONEOS_DEPLOYMENT_TARGET = 16.4;
				LD_RUNPATH_SEARCH_PATHS = (
					"$(inherited)",
					"@executable_path/Frameworks",
				);
				MARKETING_VERSION = 1.0;
				PRODUCT_BUNDLE_IDENTIFIER = "com.My-API-Practice";
				PRODUCT_NAME = "$(TARGET_NAME)";
				SWIFT_EMIT_LOC_STRINGS = YES;
				SWIFT_VERSION = 5.0;
				TARGETED_DEVICE_FAMILY = "1,2";
			};
			name = Release;
		};
/* End XCBuildConfiguration section */

/* Begin XCConfigurationList section */
		E35095DC2A1C87AC00ADF343 /* Build configuration list for PBXProject "My_API_Practice" */ = {
			isa = XCConfigurationList;
			buildConfigurations = (
				E35095F32A1C87AE00ADF343 /* Debug */,
				E35095F42A1C87AE00ADF343 /* Release */,
			);
			defaultConfigurationIsVisible = 0;
			defaultConfigurationName = Release;
		};
		E35095F52A1C87AE00ADF343 /* Build configuration list for PBXNativeTarget "My_API_Practice" */ = {
			isa = XCConfigurationList;
			buildConfigurations = (
				E35095F62A1C87AE00ADF343 /* Debug */,
				E35095F72A1C87AE00ADF343 /* Release */,
			);
			defaultConfigurationIsVisible = 0;
			defaultConfigurationName = Release;
		};
/* End XCConfigurationList section */
	};
	rootObject = E35095D92A1C87AC00ADF343 /* Project object */;
}
